
Microsoft Visual Studio Solution File, Format Version 12.00
# Visual Studio Version 17
VisualStudioVersion = 17.4.33205.214
MinimumVisualStudioVersion = 10.0.40219.1
Project("{00D1A9C2-B5F0-4AF3-8072-F6C62B433612}") = "eco2lot_user", "eco2lot_user\eco2lot_user.sqlproj", "{1DC83326-4665-4DEC-9B09-160631A7BFAA}"
EndProject
Global
	GlobalSection(SolutionConfigurationPlatforms) = preSolution
		Debug|Any CPU = Debug|Any CPU
		Release|Any CPU = Release|Any CPU
	EndGlobalSection
	GlobalSection(ProjectConfigurationPlatforms) = postSolution
		{1DC83326-4665-4DEC-9B09-160631A7BFAA}.Debug|Any CPU.ActiveCfg = Debug|Any CPU
		{1DC83326-4665-4DEC-9B09-160631A7BFAA}.Debug|Any CPU.Build.0 = Debug|Any CPU
		{1DC83326-4665-4DEC-9B09-160631A7BFAA}.Debug|Any CPU.Deploy.0 = Debug|Any CPU
		{1DC83326-4665-4DEC-9B09-160631A7BFAA}.Release|Any CPU.ActiveCfg = Release|Any CPU
		{1DC83326-4665-4DEC-9B09-160631A7BFAA}.Release|Any CPU.Build.0 = Release|Any CPU
		{1DC83326-4665-4DEC-9B09-160631A7BFAA}.Release|Any CPU.Deploy.0 = Release|Any CPU
	EndGlobalSection
	GlobalSection(SolutionProperties) = preSolution
		HideSolutionNode = FALSE
	EndGlobalSection
	GlobalSection(ExtensibilityGlobals) = postSolution
		SolutionGuid = {083C9710-3115-40C1-A796-46C71BF5A344}
	EndGlobalSection
EndGlobal
